
Microsoft Visual Studio Solution File, Format Version 12.00
# Visual Studio 15
VisualStudioVersion = 15.0.27004.2010
MinimumVisualStudioVersion = 10.0.40219.1
Project("{FAE04EC0-301F-11D3-BF4B-00C04F79EFBC}") = "SEP-Demo", "SEP-Demo\SEP-Demo.csproj", "{71544CA0-9489-49F3-AEFF-14EC71CA973E}"
EndProject
Global
	GlobalSection(SolutionConfigurationPlatforms) = preSolution
		Debug|Any CPU = Debug|Any CPU
		Release|Any CPU = Release|Any CPU
	EndGlobalSection
	GlobalSection(ProjectConfigurationPlatforms) = postSolution
		{71544CA0-9489-49F3-AEFF-14EC71CA973E}.Debug|Any CPU.ActiveCfg = Debug|Any CPU
		{71544CA0-9489-49F3-AEFF-14EC71CA973E}.Debug|Any CPU.Build.0 = Debug|Any CPU
		{71544CA0-9489-49F3-AEFF-14EC71CA973E}.Release|Any CPU.ActiveCfg = Release|Any CPU
		{71544CA0-9489-49F3-AEFF-14EC71CA973E}.Release|Any CPU.Build.0 = Release|Any CPU
	EndGlobalSection
	GlobalSection(SolutionProperties) = preSolution
		HideSolutionNode = FALSE
	EndGlobalSection
	GlobalSection(ExtensibilityGlobals) = postSolution
		SolutionGuid = {0F57D6B6-0CE5-44C3-A86D-CD96062232C0}
	EndGlobalSection
EndGlobal
